
Microsoft Visual Studio Solution File, Format Version 12.00
# Visual Studio Version 16
VisualStudioVersion = 16.0.31702.278
MinimumVisualStudioVersion = 10.0.40219.1
Project("{FAE04EC0-301F-11D3-BF4B-00C04F79EFBC}") = "QuanLyCuaHangThuCung", "QuanLyCuaHangThuCung\QuanLyCuaHangThuCung.csproj", "{F290533F-1BD8-4247-ACF6-C20C05ACFA42}"
EndProject
Global
	GlobalSection(SolutionConfigurationPlatforms) = preSolution
		Debug|Any CPU = Debug|Any CPU
		Release|Any CPU = Release|Any CPU
	EndGlobalSection
	GlobalSection(ProjectConfigurationPlatforms) = postSolution
		{F290533F-1BD8-4247-ACF6-C20C05ACFA42}.Debug|Any CPU.ActiveCfg = Debug|Any CPU
		{F290533F-1BD8-4247-ACF6-C20C05ACFA42}.Debug|Any CPU.Build.0 = Debug|Any CPU
		{F290533F-1BD8-4247-ACF6-C20C05ACFA42}.Release|Any CPU.ActiveCfg = Release|Any CPU
		{F290533F-1BD8-4247-ACF6-C20C05ACFA42}.Release|Any CPU.Build.0 = Release|Any CPU
	EndGlobalSection
	GlobalSection(SolutionProperties) = preSolution
		HideSolutionNode = FALSE
	EndGlobalSection
	GlobalSection(ExtensibilityGlobals) = postSolution
		SolutionGuid = {AE98C46F-476C-4FD8-84A7-C49915D282EF}
	EndGlobalSection
EndGlobal
